
Microsoft Visual Studio Solution File, Format Version 12.00
# Visual Studio Version 17
VisualStudioVersion = 17.5.002.0
MinimumVisualStudioVersion = 10.0.40219.1
Project("{9A19103F-16F7-4668-BE54-9A1E7A4F7556}") = "myportfolio", "myportfolio.csproj", "{8DCDC624-7560-49B2-B386-0CF656C86DE3}"
EndProject
Global
	GlobalSection(SolutionConfigurationPlatforms) = preSolution
		Debug|Any CPU = Debug|Any CPU
		Release|Any CPU = Release|Any CPU
	EndGlobalSection
	GlobalSection(ProjectConfigurationPlatforms) = postSolution
		{8DCDC624-7560-49B2-B386-0CF656C86DE3}.Debug|Any CPU.ActiveCfg = Debug|Any CPU
		{8DCDC624-7560-49B2-B386-0CF656C86DE3}.Debug|Any CPU.Build.0 = Debug|Any CPU
		{8DCDC624-7560-49B2-B386-0CF656C86DE3}.Release|Any CPU.ActiveCfg = Release|Any CPU
		{8DCDC624-7560-49B2-B386-0CF656C86DE3}.Release|Any CPU.Build.0 = Release|Any CPU
	EndGlobalSection
	GlobalSection(SolutionProperties) = preSolution
		HideSolutionNode = FALSE
	EndGlobalSection
	GlobalSection(ExtensibilityGlobals) = postSolution
		SolutionGuid = {8702BD22-5124-46F3-B406-895CEB37AA39}
	EndGlobalSection
EndGlobal
